
Microsoft Visual Studio Solution File, Format Version 12.00
# Visual Studio Version 17
VisualStudioVersion = 17.8.34330.188
MinimumVisualStudioVersion = 10.0.40219.1
Project("{9A19103F-16F7-4668-BE54-9A1E7A4F7556}") = "ZOO_Management", "ZOO_Management.csproj", "{1A6B680D-2FB9-4AC2-B8E1-66B7586AA421}"
	ProjectSection(ProjectDependencies) = postProject
		{3E30EA6A-7CFB-43B5-A793-DF753729656F} = {3E30EA6A-7CFB-43B5-A793-DF753729656F}
		{41B6A9CD-FB86-4957-A927-E75D6E7AE48B} = {41B6A9CD-FB86-4957-A927-E75D6E7AE48B}
		{F5D36454-0AFA-4BED-BAC6-F3B1067E0E49} = {F5D36454-0AFA-4BED-BAC6-F3B1067E0E49}
	EndProjectSection
EndProject
Project("{9A19103F-16F7-4668-BE54-9A1E7A4F7556}") = "ZOO_Management.DomainServices", "..\ZOO_Management.DomainServices\ZOO_Management.DomainServices.csproj", "{3E30EA6A-7CFB-43B5-A793-DF753729656F}"
EndProject
Project("{9A19103F-16F7-4668-BE54-9A1E7A4F7556}") = "ZOO_Management.DomainModel", "..\ZOO_Management.DomainModel\ZOO_Management.DomainModel.csproj", "{41B6A9CD-FB86-4957-A927-E75D6E7AE48B}"
EndProject
Project("{9A19103F-16F7-4668-BE54-9A1E7A4F7556}") = "ZOO_Management.Infrastructure", "..\ZOO_Management.Infrastructure\ZOO_Management.Infrastructure.csproj", "{F5D36454-0AFA-4BED-BAC6-F3B1067E0E49}"
EndProject
Project("{9A19103F-16F7-4668-BE54-9A1E7A4F7556}") = "ZOO_Management.ApplicationServices", "..\ZOO_Management.ApplicationServices\ZOO_Management.ApplicationServices.csproj", "{A0E3961C-D3FD-4217-822C-C56CABE0232E}"
EndProject
Project("{9A19103F-16F7-4668-BE54-9A1E7A4F7556}") = "ZOO_Managment.DomainModel.Validation", "..\ZOO_Managment.DomainModel.Validation\ZOO_Managment.DomainModel.Validation.csproj", "{E8FB392A-ACFE-4589-A40F-17253E702175}"
EndProject
Project("{2150E333-8FDC-42A3-9474-1A3956D46DE8}") = "test", "test", "{90E63AB7-4DB1-40AC-9C2F-4AAE3D31CB4C}"
EndProject
Project("{FAE04EC0-301F-11D3-BF4B-00C04F79EFBC}") = "ZOO_Management.UnitTests", "..\ZOO_Management.UnitTests\ZOO_Management.UnitTests.csproj", "{07676D40-BCD2-43BD-A012-005751686F37}"
EndProject
Global
	GlobalSection(SolutionConfigurationPlatforms) = preSolution
		Debug|Any CPU = Debug|Any CPU
		Release|Any CPU = Release|Any CPU
	EndGlobalSection
	GlobalSection(ProjectConfigurationPlatforms) = postSolution
		{1A6B680D-2FB9-4AC2-B8E1-66B7586AA421}.Debug|Any CPU.ActiveCfg = Debug|Any CPU
		{1A6B680D-2FB9-4AC2-B8E1-66B7586AA421}.Debug|Any CPU.Build.0 = Debug|Any CPU
		{1A6B680D-2FB9-4AC2-B8E1-66B7586AA421}.Release|Any CPU.ActiveCfg = Release|Any CPU
		{1A6B680D-2FB9-4AC2-B8E1-66B7586AA421}.Release|Any CPU.Build.0 = Release|Any CPU
		{3E30EA6A-7CFB-43B5-A793-DF753729656F}.Debug|Any CPU.ActiveCfg = Debug|Any CPU
		{3E30EA6A-7CFB-43B5-A793-DF753729656F}.Debug|Any CPU.Build.0 = Debug|Any CPU
		{3E30EA6A-7CFB-43B5-A793-DF753729656F}.Release|Any CPU.ActiveCfg = Release|Any CPU
		{3E30EA6A-7CFB-43B5-A793-DF753729656F}.Release|Any CPU.Build.0 = Release|Any CPU
		{41B6A9CD-FB86-4957-A927-E75D6E7AE48B}.Debug|Any CPU.ActiveCfg = Debug|Any CPU
		{41B6A9CD-FB86-4957-A927-E75D6E7AE48B}.Debug|Any CPU.Build.0 = Debug|Any CPU
		{41B6A9CD-FB86-4957-A927-E75D6E7AE48B}.Release|Any CPU.ActiveCfg = Release|Any CPU
		{41B6A9CD-FB86-4957-A927-E75D6E7AE48B}.Release|Any CPU.Build.0 = Release|Any CPU
		{F5D36454-0AFA-4BED-BAC6-F3B1067E0E49}.Debug|Any CPU.ActiveCfg = Debug|Any CPU
		{F5D36454-0AFA-4BED-BAC6-F3B1067E0E49}.Debug|Any CPU.Build.0 = Debug|Any CPU
		{F5D36454-0AFA-4BED-BAC6-F3B1067E0E49}.Release|Any CPU.ActiveCfg = Release|Any CPU
		{F5D36454-0AFA-4BED-BAC6-F3B1067E0E49}.Release|Any CPU.Build.0 = Release|Any CPU
		{A0E3961C-D3FD-4217-822C-C56CABE0232E}.Debug|Any CPU.ActiveCfg = Debug|Any CPU
		{A0E3961C-D3FD-4217-822C-C56CABE0232E}.Debug|Any CPU.Build.0 = Debug|Any CPU
		{A0E3961C-D3FD-4217-822C-C56CABE0232E}.Release|Any CPU.ActiveCfg = Release|Any CPU
		{A0E3961C-D3FD-4217-822C-C56CABE0232E}.Release|Any CPU.Build.0 = Release|Any CPU
		{E8FB392A-ACFE-4589-A40F-17253E702175}.Debug|Any CPU.ActiveCfg = Debug|Any CPU
		{E8FB392A-ACFE-4589-A40F-17253E702175}.Debug|Any CPU.Build.0 = Debug|Any CPU
		{E8FB392A-ACFE-4589-A40F-17253E702175}.Release|Any CPU.ActiveCfg = Release|Any CPU
		{E8FB392A-ACFE-4589-A40F-17253E702175}.Release|Any CPU.Build.0 = Release|Any CPU
		{07676D40-BCD2-43BD-A012-005751686F37}.Debug|Any CPU.ActiveCfg = Debug|Any CPU
		{07676D40-BCD2-43BD-A012-005751686F37}.Debug|Any CPU.Build.0 = Debug|Any CPU
		{07676D40-BCD2-43BD-A012-005751686F37}.Release|Any CPU.ActiveCfg = Release|Any CPU
		{07676D40-BCD2-43BD-A012-005751686F37}.Release|Any CPU.Build.0 = Release|Any CPU
	EndGlobalSection
	GlobalSection(SolutionProperties) = preSolution
		HideSolutionNode = FALSE
	EndGlobalSection
	GlobalSection(NestedProjects) = preSolution
		{07676D40-BCD2-43BD-A012-005751686F37} = {90E63AB7-4DB1-40AC-9C2F-4AAE3D31CB4C}
	EndGlobalSection
	GlobalSection(ExtensibilityGlobals) = postSolution
		SolutionGuid = {7DFA505F-B807-4CEF-B9A7-B0738B841213}
	EndGlobalSection
EndGlobal
